
Microsoft Visual Studio Solution File, Format Version 12.00
# Visual Studio Version 17
VisualStudioVersion = 17.5.33502.453
MinimumVisualStudioVersion = 10.0.40219.1
Project("{FAE04EC0-301F-11D3-BF4B-00C04F79EFBC}") = "ServiceBasedApplication", "ServiceBasedApplication.csproj", "{CDB81C9C-77A1-417E-AAC1-98F31B407769}"
EndProject
Global
	GlobalSection(SolutionConfigurationPlatforms) = preSolution
		Debug|Any CPU = Debug|Any CPU
		Release|Any CPU = Release|Any CPU
	EndGlobalSection
	GlobalSection(ProjectConfigurationPlatforms) = postSolution
		{CDB81C9C-77A1-417E-AAC1-98F31B407769}.Debug|Any CPU.ActiveCfg = Debug|Any CPU
		{CDB81C9C-77A1-417E-AAC1-98F31B407769}.Debug|Any CPU.Build.0 = Debug|Any CPU
		{CDB81C9C-77A1-417E-AAC1-98F31B407769}.Release|Any CPU.ActiveCfg = Release|Any CPU
		{CDB81C9C-77A1-417E-AAC1-98F31B407769}.Release|Any CPU.Build.0 = Release|Any CPU
	EndGlobalSection
	GlobalSection(SolutionProperties) = preSolution
		HideSolutionNode = FALSE
	EndGlobalSection
	GlobalSection(ExtensibilityGlobals) = postSolution
		SolutionGuid = {CC9330FD-92A6-4764-941C-CE089A50FE6C}
	EndGlobalSection
EndGlobal
